
Microsoft Visual Studio Solution File, Format Version 12.00
# Visual Studio Version 17
VisualStudioVersion = 17.7.34221.43
MinimumVisualStudioVersion = 10.0.40219.1
Project("{FAE04EC0-301F-11D3-BF4B-00C04F79EFBC}") = "ASP.NETMVCSchool", "ASP.NETMVCSchool\ASP.NETMVCSchool.csproj", "{817C4125-DF0C-4E93-BECB-951A0CDAE513}"
EndProject
Global
	GlobalSection(SolutionConfigurationPlatforms) = preSolution
		Debug|Any CPU = Debug|Any CPU
		Release|Any CPU = Release|Any CPU
	EndGlobalSection
	GlobalSection(ProjectConfigurationPlatforms) = postSolution
		{817C4125-DF0C-4E93-BECB-951A0CDAE513}.Debug|Any CPU.ActiveCfg = Debug|Any CPU
		{817C4125-DF0C-4E93-BECB-951A0CDAE513}.Debug|Any CPU.Build.0 = Debug|Any CPU
		{817C4125-DF0C-4E93-BECB-951A0CDAE513}.Release|Any CPU.ActiveCfg = Release|Any CPU
		{817C4125-DF0C-4E93-BECB-951A0CDAE513}.Release|Any CPU.Build.0 = Release|Any CPU
	EndGlobalSection
	GlobalSection(SolutionProperties) = preSolution
		HideSolutionNode = FALSE
	EndGlobalSection
	GlobalSection(ExtensibilityGlobals) = postSolution
		SolutionGuid = {3B43FFC3-C159-413C-9CD3-2BBDFE7810CD}
	EndGlobalSection
EndGlobal
