
Microsoft Visual Studio Solution File, Format Version 12.00
# Visual Studio Version 17
VisualStudioVersion = 17.7.34221.43
MinimumVisualStudioVersion = 10.0.40219.1
Project("{9A19103F-16F7-4668-BE54-9A1E7A4F7556}") = "ASP.NETMVCSchool", "ASP.NETMVCSchool\ASP.NETMVCSchool.csproj", "{817C4125-DF0C-4E93-BECB-951A0CDAE513}"
EndProject
Project("{2150E333-8FDC-42A3-9474-1A3956D46DE8}") = "Solution Items", "Solution Items", "{C1429504-7CCC-4509-BB9E-EFFA8D8D5226}"
	ProjectSection(SolutionItems) = preProject
		README.md = README.md
	EndProjectSection
EndProject
Global
	GlobalSection(SolutionConfigurationPlatforms) = preSolution
		Debug|Any CPU = Debug|Any CPU
		Release|Any CPU = Release|Any CPU
	EndGlobalSection
	GlobalSection(ProjectConfigurationPlatforms) = postSolution
		{817C4125-DF0C-4E93-BECB-951A0CDAE513}.Debug|Any CPU.ActiveCfg = Debug|Any CPU
		{817C4125-DF0C-4E93-BECB-951A0CDAE513}.Debug|Any CPU.Build.0 = Debug|Any CPU
		{817C4125-DF0C-4E93-BECB-951A0CDAE513}.Release|Any CPU.ActiveCfg = Release|Any CPU
		{817C4125-DF0C-4E93-BECB-951A0CDAE513}.Release|Any CPU.Build.0 = Release|Any CPU
	EndGlobalSection
	GlobalSection(SolutionProperties) = preSolution
		HideSolutionNode = FALSE
	EndGlobalSection
	GlobalSection(ExtensibilityGlobals) = postSolution
		SolutionGuid = {3B43FFC3-C159-413C-9CD3-2BBDFE7810CD}
	EndGlobalSection
EndGlobal
